Microsoft Visual Studio Solution File, Format Version 11.00
# Visual Studio 2008

Project("{11020BD5-079F-000B-AD22-50A66BE52D60}") = "TeamCyber", "Assembly-CSharp.csproj", "{5589E2C9-B296-2C3D-3531-D1367E19BF6D}"
EndProject
Global
	GlobalSection(SolutionConfigurationPlatforms) = preSolution
		Debug|Any CPU = Debug|Any CPU
		Release|Any CPU = Release|Any CPU
	EndGlobalSection
	GlobalSection(ProjectConfigurationPlatforms) = postSolution
		{5589E2C9-B296-2C3D-3531-D1367E19BF6D}.Debug|Any CPU.ActiveCfg = Debug|Any CPU
		{5589E2C9-B296-2C3D-3531-D1367E19BF6D}.Debug|Any CPU.Build.0 = Debug|Any CPU
		{5589E2C9-B296-2C3D-3531-D1367E19BF6D}.Release|Any CPU.ActiveCfg = Release|Any CPU
		{5589E2C9-B296-2C3D-3531-D1367E19BF6D}.Release|Any CPU.Build.0 = Release|Any CPU
	EndGlobalSection
	GlobalSection(SolutionProperties) = preSolution
		HideSolutionNode = FALSE
	EndGlobalSection
			GlobalSection(MonoDevelopProperties) = preSolution
		StartupItem = Assembly-CSharp.csproj
		Policies = $0
		$0.TextStylePolicy = $1
		$1.inheritsSet = null
		$1.scope = text/x-csharp
		$0.CSharpFormattingPolicy = $2
		$2.inheritsSet = Mono
		$2.inheritsScope = text/x-csharp
		$2.scope = text/x-csharp
		$0.TextStylePolicy = $3
		$3.FileWidth = 120
		$3.TabWidth = 4
		$3.IndentWidth = 4
		$3.EolMarker = Unix
		$3.inheritsSet = Mono
		$3.inheritsScope = text/plain
		$3.scope = text/plain
	EndGlobalSection

EndGlobal
